
Microsoft Visual Studio Solution File, Format Version 12.00
# Visual Studio Version 17
VisualStudioVersion = 17.3.32929.385
MinimumVisualStudioVersion = 10.0.40219.1
Project("{FAE04EC0-301F-11D3-BF4B-00C04F79EFBC}") = "Models", "Models\Models.csproj", "{AB504D47-F9A7-4DD1-9D93-2CD75058855B}"
EndProject
Project("{FAE04EC0-301F-11D3-BF4B-00C04F79EFBC}") = "DAL", "DAL\DAL.csproj", "{063133F9-99AD-4204-8116-5827727AA3EF}"
EndProject
Project("{FAE04EC0-301F-11D3-BF4B-00C04F79EFBC}") = "BLL", "BLL\BLL.csproj", "{FBFA8C90-988C-4A02-A667-1539F33AB2BF}"
EndProject
Project("{FAE04EC0-301F-11D3-BF4B-00C04F79EFBC}") = "UILGerenReservasLab", "UILGerenReservasLab\UILGerenReservasLab.csproj", "{2569A317-7D76-4E1F-B715-9F81BCF49A44}"
EndProject
Project("{9A19103F-16F7-4668-BE54-9A1E7A4F7556}") = "Helpers", "Helpers\Helpers.csproj", "{5CC7C210-6ECF-4B91-9110-087D7B36D525}"
EndProject
Project("{FAE04EC0-301F-11D3-BF4B-00C04F79EFBC}") = "System.Windows.Forms.Calendar", "System.Windows.Forms.Calendar\System.Windows.Forms.Calendar.csproj", "{25649F08-3046-4891-ADB8-7EA787B57063}"
EndProject
Global
	GlobalSection(SolutionConfigurationPlatforms) = preSolution
		Debug|Any CPU = Debug|Any CPU
		Release|Any CPU = Release|Any CPU
	EndGlobalSection
	GlobalSection(ProjectConfigurationPlatforms) = postSolution
		{AB504D47-F9A7-4DD1-9D93-2CD75058855B}.Debug|Any CPU.ActiveCfg = Debug|Any CPU
		{AB504D47-F9A7-4DD1-9D93-2CD75058855B}.Debug|Any CPU.Build.0 = Debug|Any CPU
		{AB504D47-F9A7-4DD1-9D93-2CD75058855B}.Release|Any CPU.ActiveCfg = Release|Any CPU
		{AB504D47-F9A7-4DD1-9D93-2CD75058855B}.Release|Any CPU.Build.0 = Release|Any CPU
		{063133F9-99AD-4204-8116-5827727AA3EF}.Debug|Any CPU.ActiveCfg = Debug|Any CPU
		{063133F9-99AD-4204-8116-5827727AA3EF}.Debug|Any CPU.Build.0 = Debug|Any CPU
		{063133F9-99AD-4204-8116-5827727AA3EF}.Release|Any CPU.ActiveCfg = Release|Any CPU
		{063133F9-99AD-4204-8116-5827727AA3EF}.Release|Any CPU.Build.0 = Release|Any CPU
		{FBFA8C90-988C-4A02-A667-1539F33AB2BF}.Debug|Any CPU.ActiveCfg = Debug|Any CPU
		{FBFA8C90-988C-4A02-A667-1539F33AB2BF}.Debug|Any CPU.Build.0 = Debug|Any CPU
		{FBFA8C90-988C-4A02-A667-1539F33AB2BF}.Release|Any CPU.ActiveCfg = Release|Any CPU
		{FBFA8C90-988C-4A02-A667-1539F33AB2BF}.Release|Any CPU.Build.0 = Release|Any CPU
		{2569A317-7D76-4E1F-B715-9F81BCF49A44}.Debug|Any CPU.ActiveCfg = Debug|Any CPU
		{2569A317-7D76-4E1F-B715-9F81BCF49A44}.Debug|Any CPU.Build.0 = Debug|Any CPU
		{2569A317-7D76-4E1F-B715-9F81BCF49A44}.Release|Any CPU.ActiveCfg = Release|Any CPU
		{2569A317-7D76-4E1F-B715-9F81BCF49A44}.Release|Any CPU.Build.0 = Release|Any CPU
		{5CC7C210-6ECF-4B91-9110-087D7B36D525}.Debug|Any CPU.ActiveCfg = Debug|Any CPU
		{5CC7C210-6ECF-4B91-9110-087D7B36D525}.Debug|Any CPU.Build.0 = Debug|Any CPU
		{5CC7C210-6ECF-4B91-9110-087D7B36D525}.Release|Any CPU.ActiveCfg = Release|Any CPU
		{5CC7C210-6ECF-4B91-9110-087D7B36D525}.Release|Any CPU.Build.0 = Release|Any CPU
		{25649F08-3046-4891-ADB8-7EA787B57063}.Debug|Any CPU.ActiveCfg = Debug|Any CPU
		{25649F08-3046-4891-ADB8-7EA787B57063}.Debug|Any CPU.Build.0 = Debug|Any CPU
		{25649F08-3046-4891-ADB8-7EA787B57063}.Release|Any CPU.ActiveCfg = Release|Any CPU
		{25649F08-3046-4891-ADB8-7EA787B57063}.Release|Any CPU.Build.0 = Release|Any CPU
	EndGlobalSection
	GlobalSection(SolutionProperties) = preSolution
		HideSolutionNode = FALSE
	EndGlobalSection
	GlobalSection(ExtensibilityGlobals) = postSolution
		SolutionGuid = {0E390FD4-F3C4-450B-AF26-2B9344A2DDC7}
	EndGlobalSection
EndGlobal
